
Microsoft Visual Studio Solution File, Format Version 12.00
# Visual Studio Version 17
VisualStudioVersion = 17.4.33213.308
MinimumVisualStudioVersion = 15.0.26124.0
Project("{2150E333-8FDC-42A3-9474-1A3956D46DE8}") = "src", "src", "{24C2CE11-A0CD-44B8-9946-94A70F897534}"
EndProject
Project("{2150E333-8FDC-42A3-9474-1A3956D46DE8}") = "tests", "tests", "{62B32D96-CE0C-4DB1-9675-00846867EE62}"
EndProject
Project("{9A19103F-16F7-4668-BE54-9A1E7A4F7556}") = "AiurEventSyncer", "src\AiurEventSyncer\AiurEventSyncer.csproj", "{772B96B8-CD2B-428F-BE2E-FF02CA5A5CC3}"
EndProject
Project("{9A19103F-16F7-4668-BE54-9A1E7A4F7556}") = "AiurStore", "src\AiurStore\AiurStore.csproj", "{E8A8C76C-C2AF-4A03-B5E9-1DED1D1C77E9}"
EndProject
Project("{9A19103F-16F7-4668-BE54-9A1E7A4F7556}") = "AiurVersionControl", "src\AiurVersionControl\AiurVersionControl.csproj", "{1ECA7A41-87BE-406E-A915-EB3C4967F0E6}"
EndProject
Project("{9A19103F-16F7-4668-BE54-9A1E7A4F7556}") = "AiurEventSyncer.Tests", "tests\AiurEventSyncer.Tests\AiurEventSyncer.Tests.csproj", "{A245211C-3C06-463B-AE01-AB45D77E4403}"
EndProject
Project("{9A19103F-16F7-4668-BE54-9A1E7A4F7556}") = "AiurStore.Tests", "tests\AiurStore.Tests\AiurStore.Tests.csproj", "{24B12066-E34C-47CB-8258-5A80269862E5}"
EndProject
Project("{9A19103F-16F7-4668-BE54-9A1E7A4F7556}") = "AiurVersionControl.Tests", "tests\AiurVersionControl.Tests\AiurVersionControl.Tests.csproj", "{03476D69-6BE7-4757-AACC-6B9E0D3700AF}"
EndProject
Project("{9A19103F-16F7-4668-BE54-9A1E7A4F7556}") = "AiurEventSyncer.WebExtends", "src\AiurEventSyncer.WebExtends\AiurEventSyncer.WebExtends.csproj", "{38BA21A9-682B-4CB0-8CD3-248A78ABE4C1}"
EndProject
Project("{2150E333-8FDC-42A3-9474-1A3956D46DE8}") = "FunctionalTest", "FunctionalTest", "{2297A61E-1215-47C9-9A99-E3AE90542DE4}"
EndProject
Project("{9A19103F-16F7-4668-BE54-9A1E7A4F7556}") = "SampleWebApp", "tests\FunctionalTest\SampleWebApp\SampleWebApp.csproj", "{92125A17-A641-4F2D-B65B-EAD5C34664EF}"
EndProject
Project("{9A19103F-16F7-4668-BE54-9A1E7A4F7556}") = "SampleWebApp.Test", "tests\FunctionalTest\SampleWebApp.Test\SampleWebApp.Test.csproj", "{F2CCCEBD-5E18-4C1D-8B76-98F176154B0A}"
EndProject
Project("{2150E333-8FDC-42A3-9474-1A3956D46DE8}") = "demos", "demos", "{A90D7799-3561-4453-B2A5-591953827AC6}"
EndProject
Project("{9A19103F-16F7-4668-BE54-9A1E7A4F7556}") = "SnakeGame", "demos\SnakeGame\SnakeGame.csproj", "{9A398FEF-6AB5-43A7-9316-CC0D291F28E2}"
EndProject
Project("{9A19103F-16F7-4668-BE54-9A1E7A4F7556}") = "SnakeGameServer", "demos\SnakeGameServer\SnakeGameServer.csproj", "{50AEBBB4-B482-4F63-A2AE-EC291F7DDB82}"
EndProject
Project("{9A19103F-16F7-4668-BE54-9A1E7A4F7556}") = "AiurEventSyncer.Abstract", "src\AiurEventSyncer.Abstract\AiurEventSyncer.Abstract.csproj", "{5BFF7222-42E7-4AEF-8536-4D434BFAF2EB}"
EndProject
Project("{9A19103F-16F7-4668-BE54-9A1E7A4F7556}") = "AiurObserver", "src\AiurObserver\AiurObserver.csproj", "{84A04EEA-9F05-4390-993F-3511C90ED4FE}"
EndProject
Project("{9A19103F-16F7-4668-BE54-9A1E7A4F7556}") = "AiurVersionControl.CRUD", "src\AiurVersionControl.CRUD\AiurVersionControl.CRUD.csproj", "{462A95E1-F0E2-4861-817F-1A9CBEC80B0B}"
EndProject
Project("{9A19103F-16F7-4668-BE54-9A1E7A4F7556}") = "AiurVersionControl.CRUD.Tests", "tests\AiurVersionControl.CRUD.Tests\AiurVersionControl.CRUD.Tests.csproj", "{5ACDC67F-5E9C-4787-AB12-4AE64B519DE2}"
EndProject
Global
	GlobalSection(SolutionConfigurationPlatforms) = preSolution
		Debug|Any CPU = Debug|Any CPU
		Debug|x64 = Debug|x64
		Debug|x86 = Debug|x86
		Release|Any CPU = Release|Any CPU
		Release|x64 = Release|x64
		Release|x86 = Release|x86
	EndGlobalSection
	GlobalSection(ProjectConfigurationPlatforms) = postSolution
		{772B96B8-CD2B-428F-BE2E-FF02CA5A5CC3}.Debug|Any CPU.ActiveCfg = Debug|Any CPU
		{772B96B8-CD2B-428F-BE2E-FF02CA5A5CC3}.Debug|Any CPU.Build.0 = Debug|Any CPU
		{772B96B8-CD2B-428F-BE2E-FF02CA5A5CC3}.Debug|x64.ActiveCfg = Debug|Any CPU
		{772B96B8-CD2B-428F-BE2E-FF02CA5A5CC3}.Debug|x64.Build.0 = Debug|Any CPU
		{772B96B8-CD2B-428F-BE2E-FF02CA5A5CC3}.Debug|x86.ActiveCfg = Debug|Any CPU
		{772B96B8-CD2B-428F-BE2E-FF02CA5A5CC3}.Debug|x86.Build.0 = Debug|Any CPU
		{772B96B8-CD2B-428F-BE2E-FF02CA5A5CC3}.Release|Any CPU.ActiveCfg = Release|Any CPU
		{772B96B8-CD2B-428F-BE2E-FF02CA5A5CC3}.Release|Any CPU.Build.0 = Release|Any CPU
		{772B96B8-CD2B-428F-BE2E-FF02CA5A5CC3}.Release|x64.ActiveCfg = Release|Any CPU
		{772B96B8-CD2B-428F-BE2E-FF02CA5A5CC3}.Release|x64.Build.0 = Release|Any CPU
		{772B96B8-CD2B-428F-BE2E-FF02CA5A5CC3}.Release|x86.ActiveCfg = Release|Any CPU
		{772B96B8-CD2B-428F-BE2E-FF02CA5A5CC3}.Release|x86.Build.0 = Release|Any CPU
		{E8A8C76C-C2AF-4A03-B5E9-1DED1D1C77E9}.Debug|Any CPU.ActiveCfg = Debug|Any CPU
		{E8A8C76C-C2AF-4A03-B5E9-1DED1D1C77E9}.Debug|Any CPU.Build.0 = Debug|Any CPU
		{E8A8C76C-C2AF-4A03-B5E9-1DED1D1C77E9}.Debug|x64.ActiveCfg = Debug|Any CPU
		{E8A8C76C-C2AF-4A03-B5E9-1DED1D1C77E9}.Debug|x64.Build.0 = Debug|Any CPU
		{E8A8C76C-C2AF-4A03-B5E9-1DED1D1C77E9}.Debug|x86.ActiveCfg = Debug|Any CPU
		{E8A8C76C-C2AF-4A03-B5E9-1DED1D1C77E9}.Debug|x86.Build.0 = Debug|Any CPU
		{E8A8C76C-C2AF-4A03-B5E9-1DED1D1C77E9}.Release|Any CPU.ActiveCfg = Release|Any CPU
		{E8A8C76C-C2AF-4A03-B5E9-1DED1D1C77E9}.Release|Any CPU.Build.0 = Release|Any CPU
		{E8A8C76C-C2AF-4A03-B5E9-1DED1D1C77E9}.Release|x64.ActiveCfg = Release|Any CPU
		{E8A8C76C-C2AF-4A03-B5E9-1DED1D1C77E9}.Release|x64.Build.0 = Release|Any CPU
		{E8A8C76C-C2AF-4A03-B5E9-1DED1D1C77E9}.Release|x86.ActiveCfg = Release|Any CPU
		{E8A8C76C-C2AF-4A03-B5E9-1DED1D1C77E9}.Release|x86.Build.0 = Release|Any CPU
		{1ECA7A41-87BE-406E-A915-EB3C4967F0E6}.Debug|Any CPU.ActiveCfg = Debug|Any CPU
		{1ECA7A41-87BE-406E-A915-EB3C4967F0E6}.Debug|Any CPU.Build.0 = Debug|Any CPU
		{1ECA7A41-87BE-406E-A915-EB3C4967F0E6}.Debug|x64.ActiveCfg = Debug|Any CPU
		{1ECA7A41-87BE-406E-A915-EB3C4967F0E6}.Debug|x64.Build.0 = Debug|Any CPU
		{1ECA7A41-87BE-406E-A915-EB3C4967F0E6}.Debug|x86.ActiveCfg = Debug|Any CPU
		{1ECA7A41-87BE-406E-A915-EB3C4967F0E6}.Debug|x86.Build.0 = Debug|Any CPU
		{1ECA7A41-87BE-406E-A915-EB3C4967F0E6}.Release|Any CPU.ActiveCfg = Release|Any CPU
		{1ECA7A41-87BE-406E-A915-EB3C4967F0E6}.Release|Any CPU.Build.0 = Release|Any CPU
		{1ECA7A41-87BE-406E-A915-EB3C4967F0E6}.Release|x64.ActiveCfg = Release|Any CPU
		{1ECA7A41-87BE-406E-A915-EB3C4967F0E6}.Release|x64.Build.0 = Release|Any CPU
		{1ECA7A41-87BE-406E-A915-EB3C4967F0E6}.Release|x86.ActiveCfg = Release|Any CPU
		{1ECA7A41-87BE-406E-A915-EB3C4967F0E6}.Release|x86.Build.0 = Release|Any CPU
		{A245211C-3C06-463B-AE01-AB45D77E4403}.Debug|Any CPU.ActiveCfg = Debug|Any CPU
		{A245211C-3C06-463B-AE01-AB45D77E4403}.Debug|Any CPU.Build.0 = Debug|Any CPU
		{A245211C-3C06-463B-AE01-AB45D77E4403}.Debug|x64.ActiveCfg = Debug|Any CPU
		{A245211C-3C06-463B-AE01-AB45D77E4403}.Debug|x64.Build.0 = Debug|Any CPU
		{A245211C-3C06-463B-AE01-AB45D77E4403}.Debug|x86.ActiveCfg = Debug|Any CPU
		{A245211C-3C06-463B-AE01-AB45D77E4403}.Debug|x86.Build.0 = Debug|Any CPU
		{A245211C-3C06-463B-AE01-AB45D77E4403}.Release|Any CPU.ActiveCfg = Release|Any CPU
		{A245211C-3C06-463B-AE01-AB45D77E4403}.Release|Any CPU.Build.0 = Release|Any CPU
		{A245211C-3C06-463B-AE01-AB45D77E4403}.Release|x64.ActiveCfg = Release|Any CPU
		{A245211C-3C06-463B-AE01-AB45D77E4403}.Release|x64.Build.0 = Release|Any CPU
		{A245211C-3C06-463B-AE01-AB45D77E4403}.Release|x86.ActiveCfg = Release|Any CPU
		{A245211C-3C06-463B-AE01-AB45D77E4403}.Release|x86.Build.0 = Release|Any CPU
		{24B12066-E34C-47CB-8258-5A80269862E5}.Debug|Any CPU.ActiveCfg = Debug|Any CPU
		{24B12066-E34C-47CB-8258-5A80269862E5}.Debug|Any CPU.Build.0 = Debug|Any CPU
		{24B12066-E34C-47CB-8258-5A80269862E5}.Debug|x64.ActiveCfg = Debug|Any CPU
		{24B12066-E34C-47CB-8258-5A80269862E5}.Debug|x64.Build.0 = Debug|Any CPU
		{24B12066-E34C-47CB-8258-5A80269862E5}.Debug|x86.ActiveCfg = Debug|Any CPU
		{24B12066-E34C-47CB-8258-5A80269862E5}.Debug|x86.Build.0 = Debug|Any CPU
		{24B12066-E34C-47CB-8258-5A80269862E5}.Release|Any CPU.ActiveCfg = Release|Any CPU
		{24B12066-E34C-47CB-8258-5A80269862E5}.Release|Any CPU.Build.0 = Release|Any CPU
		{24B12066-E34C-47CB-8258-5A80269862E5}.Release|x64.ActiveCfg = Release|Any CPU
		{24B12066-E34C-47CB-8258-5A80269862E5}.Release|x64.Build.0 = Release|Any CPU
		{24B12066-E34C-47CB-8258-5A80269862E5}.Release|x86.ActiveCfg = Release|Any CPU
		{24B12066-E34C-47CB-8258-5A80269862E5}.Release|x86.Build.0 = Release|Any CPU
		{03476D69-6BE7-4757-AACC-6B9E0D3700AF}.Debug|Any CPU.ActiveCfg = Debug|Any CPU
		{03476D69-6BE7-4757-AACC-6B9E0D3700AF}.Debug|Any CPU.Build.0 = Debug|Any CPU
		{03476D69-6BE7-4757-AACC-6B9E0D3700AF}.Debug|x64.ActiveCfg = Debug|Any CPU
		{03476D69-6BE7-4757-AACC-6B9E0D3700AF}.Debug|x64.Build.0 = Debug|Any CPU
		{03476D69-6BE7-4757-AACC-6B9E0D3700AF}.Debug|x86.ActiveCfg = Debug|Any CPU
		{03476D69-6BE7-4757-AACC-6B9E0D3700AF}.Debug|x86.Build.0 = Debug|Any CPU
		{03476D69-6BE7-4757-AACC-6B9E0D3700AF}.Release|Any CPU.ActiveCfg = Release|Any CPU
		{03476D69-6BE7-4757-AACC-6B9E0D3700AF}.Release|Any CPU.Build.0 = Release|Any CPU
		{03476D69-6BE7-4757-AACC-6B9E0D3700AF}.Release|x64.ActiveCfg = Release|Any CPU
		{03476D69-6BE7-4757-AACC-6B9E0D3700AF}.Release|x64.Build.0 = Release|Any CPU
		{03476D69-6BE7-4757-AACC-6B9E0D3700AF}.Release|x86.ActiveCfg = Release|Any CPU
		{03476D69-6BE7-4757-AACC-6B9E0D3700AF}.Release|x86.Build.0 = Release|Any CPU
		{38BA21A9-682B-4CB0-8CD3-248A78ABE4C1}.Debug|Any CPU.ActiveCfg = Debug|Any CPU
		{38BA21A9-682B-4CB0-8CD3-248A78ABE4C1}.Debug|Any CPU.Build.0 = Debug|Any CPU
		{38BA21A9-682B-4CB0-8CD3-248A78ABE4C1}.Debug|x64.ActiveCfg = Debug|Any CPU
		{38BA21A9-682B-4CB0-8CD3-248A78ABE4C1}.Debug|x64.Build.0 = Debug|Any CPU
		{38BA21A9-682B-4CB0-8CD3-248A78ABE4C1}.Debug|x86.ActiveCfg = Debug|Any CPU
		{38BA21A9-682B-4CB0-8CD3-248A78ABE4C1}.Debug|x86.Build.0 = Debug|Any CPU
		{38BA21A9-682B-4CB0-8CD3-248A78ABE4C1}.Release|Any CPU.ActiveCfg = Release|Any CPU
		{38BA21A9-682B-4CB0-8CD3-248A78ABE4C1}.Release|Any CPU.Build.0 = Release|Any CPU
		{38BA21A9-682B-4CB0-8CD3-248A78ABE4C1}.Release|x64.ActiveCfg = Release|Any CPU
		{38BA21A9-682B-4CB0-8CD3-248A78ABE4C1}.Release|x64.Build.0 = Release|Any CPU
		{38BA21A9-682B-4CB0-8CD3-248A78ABE4C1}.Release|x86.ActiveCfg = Release|Any CPU
		{38BA21A9-682B-4CB0-8CD3-248A78ABE4C1}.Release|x86.Build.0 = Release|Any CPU
		{92125A17-A641-4F2D-B65B-EAD5C34664EF}.Debug|Any CPU.ActiveCfg = Debug|Any CPU
		{92125A17-A641-4F2D-B65B-EAD5C34664EF}.Debug|Any CPU.Build.0 = Debug|Any CPU
		{92125A17-A641-4F2D-B65B-EAD5C34664EF}.Debug|x64.ActiveCfg = Debug|Any CPU
		{92125A17-A641-4F2D-B65B-EAD5C34664EF}.Debug|x64.Build.0 = Debug|Any CPU
		{92125A17-A641-4F2D-B65B-EAD5C34664EF}.Debug|x86.ActiveCfg = Debug|Any CPU
		{92125A17-A641-4F2D-B65B-EAD5C34664EF}.Debug|x86.Build.0 = Debug|Any CPU
		{92125A17-A641-4F2D-B65B-EAD5C34664EF}.Release|Any CPU.ActiveCfg = Release|Any CPU
		{92125A17-A641-4F2D-B65B-EAD5C34664EF}.Release|Any CPU.Build.0 = Release|Any CPU
		{92125A17-A641-4F2D-B65B-EAD5C34664EF}.Release|x64.ActiveCfg = Release|Any CPU
		{92125A17-A641-4F2D-B65B-EAD5C34664EF}.Release|x64.Build.0 = Release|Any CPU
		{92125A17-A641-4F2D-B65B-EAD5C34664EF}.Release|x86.ActiveCfg = Release|Any CPU
		{92125A17-A641-4F2D-B65B-EAD5C34664EF}.Release|x86.Build.0 = Release|Any CPU
		{F2CCCEBD-5E18-4C1D-8B76-98F176154B0A}.Debug|Any CPU.ActiveCfg = Debug|Any CPU
		{F2CCCEBD-5E18-4C1D-8B76-98F176154B0A}.Debug|Any CPU.Build.0 = Debug|Any CPU
		{F2CCCEBD-5E18-4C1D-8B76-98F176154B0A}.Debug|x64.ActiveCfg = Debug|Any CPU
		{F2CCCEBD-5E18-4C1D-8B76-98F176154B0A}.Debug|x64.Build.0 = Debug|Any CPU
		{F2CCCEBD-5E18-4C1D-8B76-98F176154B0A}.Debug|x86.ActiveCfg = Debug|Any CPU
		{F2CCCEBD-5E18-4C1D-8B76-98F176154B0A}.Debug|x86.Build.0 = Debug|Any CPU
		{F2CCCEBD-5E18-4C1D-8B76-98F176154B0A}.Release|Any CPU.ActiveCfg = Release|Any CPU
		{F2CCCEBD-5E18-4C1D-8B76-98F176154B0A}.Release|Any CPU.Build.0 = Release|Any CPU
		{F2CCCEBD-5E18-4C1D-8B76-98F176154B0A}.Release|x64.ActiveCfg = Release|Any CPU
		{F2CCCEBD-5E18-4C1D-8B76-98F176154B0A}.Release|x64.Build.0 = Release|Any CPU
		{F2CCCEBD-5E18-4C1D-8B76-98F176154B0A}.Release|x86.ActiveCfg = Release|Any CPU
		{F2CCCEBD-5E18-4C1D-8B76-98F176154B0A}.Release|x86.Build.0 = Release|Any CPU
		{9A398FEF-6AB5-43A7-9316-CC0D291F28E2}.Debug|Any CPU.ActiveCfg = Debug|Any CPU
		{9A398FEF-6AB5-43A7-9316-CC0D291F28E2}.Debug|Any CPU.Build.0 = Debug|Any CPU
		{9A398FEF-6AB5-43A7-9316-CC0D291F28E2}.Debug|x64.ActiveCfg = Debug|Any CPU
		{9A398FEF-6AB5-43A7-9316-CC0D291F28E2}.Debug|x64.Build.0 = Debug|Any CPU
		{9A398FEF-6AB5-43A7-9316-CC0D291F28E2}.Debug|x86.ActiveCfg = Debug|Any CPU
		{9A398FEF-6AB5-43A7-9316-CC0D291F28E2}.Debug|x86.Build.0 = Debug|Any CPU
		{9A398FEF-6AB5-43A7-9316-CC0D291F28E2}.Release|Any CPU.ActiveCfg = Release|Any CPU
		{9A398FEF-6AB5-43A7-9316-CC0D291F28E2}.Release|Any CPU.Build.0 = Release|Any CPU
		{9A398FEF-6AB5-43A7-9316-CC0D291F28E2}.Release|x64.ActiveCfg = Release|Any CPU
		{9A398FEF-6AB5-43A7-9316-CC0D291F28E2}.Release|x64.Build.0 = Release|Any CPU
		{9A398FEF-6AB5-43A7-9316-CC0D291F28E2}.Release|x86.ActiveCfg = Release|Any CPU
		{9A398FEF-6AB5-43A7-9316-CC0D291F28E2}.Release|x86.Build.0 = Release|Any CPU
		{50AEBBB4-B482-4F63-A2AE-EC291F7DDB82}.Debug|Any CPU.ActiveCfg = Debug|Any CPU
		{50AEBBB4-B482-4F63-A2AE-EC291F7DDB82}.Debug|Any CPU.Build.0 = Debug|Any CPU
		{50AEBBB4-B482-4F63-A2AE-EC291F7DDB82}.Debug|x64.ActiveCfg = Debug|Any CPU
		{50AEBBB4-B482-4F63-A2AE-EC291F7DDB82}.Debug|x64.Build.0 = Debug|Any CPU
		{50AEBBB4-B482-4F63-A2AE-EC291F7DDB82}.Debug|x86.ActiveCfg = Debug|Any CPU
		{50AEBBB4-B482-4F63-A2AE-EC291F7DDB82}.Debug|x86.Build.0 = Debug|Any CPU
		{50AEBBB4-B482-4F63-A2AE-EC291F7DDB82}.Release|Any CPU.ActiveCfg = Release|Any CPU
		{50AEBBB4-B482-4F63-A2AE-EC291F7DDB82}.Release|Any CPU.Build.0 = Release|Any CPU
		{50AEBBB4-B482-4F63-A2AE-EC291F7DDB82}.Release|x64.ActiveCfg = Release|Any CPU
		{50AEBBB4-B482-4F63-A2AE-EC291F7DDB82}.Release|x64.Build.0 = Release|Any CPU
		{50AEBBB4-B482-4F63-A2AE-EC291F7DDB82}.Release|x86.ActiveCfg = Release|Any CPU
		{50AEBBB4-B482-4F63-A2AE-EC291F7DDB82}.Release|x86.Build.0 = Release|Any CPU
		{5BFF7222-42E7-4AEF-8536-4D434BFAF2EB}.Debug|Any CPU.ActiveCfg = Debug|Any CPU
		{5BFF7222-42E7-4AEF-8536-4D434BFAF2EB}.Debug|Any CPU.Build.0 = Debug|Any CPU
		{5BFF7222-42E7-4AEF-8536-4D434BFAF2EB}.Debug|x64.ActiveCfg = Debug|Any CPU
		{5BFF7222-42E7-4AEF-8536-4D434BFAF2EB}.Debug|x64.Build.0 = Debug|Any CPU
		{5BFF7222-42E7-4AEF-8536-4D434BFAF2EB}.Debug|x86.ActiveCfg = Debug|Any CPU
		{5BFF7222-42E7-4AEF-8536-4D434BFAF2EB}.Debug|x86.Build.0 = Debug|Any CPU
		{5BFF7222-42E7-4AEF-8536-4D434BFAF2EB}.Release|Any CPU.ActiveCfg = Release|Any CPU
		{5BFF7222-42E7-4AEF-8536-4D434BFAF2EB}.Release|Any CPU.Build.0 = Release|Any CPU
		{5BFF7222-42E7-4AEF-8536-4D434BFAF2EB}.Release|x64.ActiveCfg = Release|Any CPU
		{5BFF7222-42E7-4AEF-8536-4D434BFAF2EB}.Release|x64.Build.0 = Release|Any CPU
		{5BFF7222-42E7-4AEF-8536-4D434BFAF2EB}.Release|x86.ActiveCfg = Release|Any CPU
		{5BFF7222-42E7-4AEF-8536-4D434BFAF2EB}.Release|x86.Build.0 = Release|Any CPU
		{84A04EEA-9F05-4390-993F-3511C90ED4FE}.Debug|Any CPU.ActiveCfg = Debug|Any CPU
		{84A04EEA-9F05-4390-993F-3511C90ED4FE}.Debug|Any CPU.Build.0 = Debug|Any CPU
		{84A04EEA-9F05-4390-993F-3511C90ED4FE}.Debug|x64.ActiveCfg = Debug|Any CPU
		{84A04EEA-9F05-4390-993F-3511C90ED4FE}.Debug|x64.Build.0 = Debug|Any CPU
		{84A04EEA-9F05-4390-993F-3511C90ED4FE}.Debug|x86.ActiveCfg = Debug|Any CPU
		{84A04EEA-9F05-4390-993F-3511C90ED4FE}.Debug|x86.Build.0 = Debug|Any CPU
		{84A04EEA-9F05-4390-993F-3511C90ED4FE}.Release|Any CPU.ActiveCfg = Release|Any CPU
		{84A04EEA-9F05-4390-993F-3511C90ED4FE}.Release|Any CPU.Build.0 = Release|Any CPU
		{84A04EEA-9F05-4390-993F-3511C90ED4FE}.Release|x64.ActiveCfg = Release|Any CPU
		{84A04EEA-9F05-4390-993F-3511C90ED4FE}.Release|x64.Build.0 = Release|Any CPU
		{84A04EEA-9F05-4390-993F-3511C90ED4FE}.Release|x86.ActiveCfg = Release|Any CPU
		{84A04EEA-9F05-4390-993F-3511C90ED4FE}.Release|x86.Build.0 = Release|Any CPU
		{462A95E1-F0E2-4861-817F-1A9CBEC80B0B}.Debug|Any CPU.ActiveCfg = Debug|Any CPU
		{462A95E1-F0E2-4861-817F-1A9CBEC80B0B}.Debug|Any CPU.Build.0 = Debug|Any CPU
		{462A95E1-F0E2-4861-817F-1A9CBEC80B0B}.Debug|x64.ActiveCfg = Debug|Any CPU
		{462A95E1-F0E2-4861-817F-1A9CBEC80B0B}.Debug|x64.Build.0 = Debug|Any CPU
		{462A95E1-F0E2-4861-817F-1A9CBEC80B0B}.Debug|x86.ActiveCfg = Debug|Any CPU
		{462A95E1-F0E2-4861-817F-1A9CBEC80B0B}.Debug|x86.Build.0 = Debug|Any CPU
		{462A95E1-F0E2-4861-817F-1A9CBEC80B0B}.Release|Any CPU.ActiveCfg = Release|Any CPU
		{462A95E1-F0E2-4861-817F-1A9CBEC80B0B}.Release|Any CPU.Build.0 = Release|Any CPU
		{462A95E1-F0E2-4861-817F-1A9CBEC80B0B}.Release|x64.ActiveCfg = Release|Any CPU
		{462A95E1-F0E2-4861-817F-1A9CBEC80B0B}.Release|x64.Build.0 = Release|Any CPU
		{462A95E1-F0E2-4861-817F-1A9CBEC80B0B}.Release|x86.ActiveCfg = Release|Any CPU
		{462A95E1-F0E2-4861-817F-1A9CBEC80B0B}.Release|x86.Build.0 = Release|Any CPU
		{5ACDC67F-5E9C-4787-AB12-4AE64B519DE2}.Debug|Any CPU.ActiveCfg = Debug|Any CPU
		{5ACDC67F-5E9C-4787-AB12-4AE64B519DE2}.Debug|Any CPU.Build.0 = Debug|Any CPU
		{5ACDC67F-5E9C-4787-AB12-4AE64B519DE2}.Debug|x64.ActiveCfg = Debug|Any CPU
		{5ACDC67F-5E9C-4787-AB12-4AE64B519DE2}.Debug|x64.Build.0 = Debug|Any CPU
		{5ACDC67F-5E9C-4787-AB12-4AE64B519DE2}.Debug|x86.ActiveCfg = Debug|Any CPU
		{5ACDC67F-5E9C-4787-AB12-4AE64B519DE2}.Debug|x86.Build.0 = Debug|Any CPU
		{5ACDC67F-5E9C-4787-AB12-4AE64B519DE2}.Release|Any CPU.ActiveCfg = Release|Any CPU
		{5ACDC67F-5E9C-4787-AB12-4AE64B519DE2}.Release|Any CPU.Build.0 = Release|Any CPU
		{5ACDC67F-5E9C-4787-AB12-4AE64B519DE2}.Release|x64.ActiveCfg = Release|Any CPU
		{5ACDC67F-5E9C-4787-AB12-4AE64B519DE2}.Release|x64.Build.0 = Release|Any CPU
		{5ACDC67F-5E9C-4787-AB12-4AE64B519DE2}.Release|x86.ActiveCfg = Release|Any CPU
		{5ACDC67F-5E9C-4787-AB12-4AE64B519DE2}.Release|x86.Build.0 = Release|Any CPU
	EndGlobalSection
	GlobalSection(SolutionProperties) = preSolution
		HideSolutionNode = FALSE
	EndGlobalSection
	GlobalSection(NestedProjects) = preSolution
		{772B96B8-CD2B-428F-BE2E-FF02CA5A5CC3} = {24C2CE11-A0CD-44B8-9946-94A70F897534}
		{E8A8C76C-C2AF-4A03-B5E9-1DED1D1C77E9} = {24C2CE11-A0CD-44B8-9946-94A70F897534}
		{1ECA7A41-87BE-406E-A915-EB3C4967F0E6} = {24C2CE11-A0CD-44B8-9946-94A70F897534}
		{A245211C-3C06-463B-AE01-AB45D77E4403} = {62B32D96-CE0C-4DB1-9675-00846867EE62}
		{24B12066-E34C-47CB-8258-5A80269862E5} = {62B32D96-CE0C-4DB1-9675-00846867EE62}
		{03476D69-6BE7-4757-AACC-6B9E0D3700AF} = {62B32D96-CE0C-4DB1-9675-00846867EE62}
		{38BA21A9-682B-4CB0-8CD3-248A78ABE4C1} = {24C2CE11-A0CD-44B8-9946-94A70F897534}
		{2297A61E-1215-47C9-9A99-E3AE90542DE4} = {62B32D96-CE0C-4DB1-9675-00846867EE62}
		{92125A17-A641-4F2D-B65B-EAD5C34664EF} = {2297A61E-1215-47C9-9A99-E3AE90542DE4}
		{F2CCCEBD-5E18-4C1D-8B76-98F176154B0A} = {2297A61E-1215-47C9-9A99-E3AE90542DE4}
		{9A398FEF-6AB5-43A7-9316-CC0D291F28E2} = {A90D7799-3561-4453-B2A5-591953827AC6}
		{50AEBBB4-B482-4F63-A2AE-EC291F7DDB82} = {A90D7799-3561-4453-B2A5-591953827AC6}
		{5BFF7222-42E7-4AEF-8536-4D434BFAF2EB} = {24C2CE11-A0CD-44B8-9946-94A70F897534}
		{84A04EEA-9F05-4390-993F-3511C90ED4FE} = {24C2CE11-A0CD-44B8-9946-94A70F897534}
		{462A95E1-F0E2-4861-817F-1A9CBEC80B0B} = {24C2CE11-A0CD-44B8-9946-94A70F897534}
		{5ACDC67F-5E9C-4787-AB12-4AE64B519DE2} = {62B32D96-CE0C-4DB1-9675-00846867EE62}
	EndGlobalSection
	GlobalSection(ExtensibilityGlobals) = postSolution
		SolutionGuid = {B0188878-FDED-49EB-9F3D-9BDA29D52347}
	EndGlobalSection
EndGlobal
