
Microsoft Visual Studio Solution File, Format Version 12.00
# Visual Studio Version 16
VisualStudioVersion = 16.0.30709.132
MinimumVisualStudioVersion = 15.0.26124.0
Project("{2150E333-8FDC-42A3-9474-1A3956D46DE8}") = "src", "src", "{24C2CE11-A0CD-44B8-9946-94A70F897534}"
EndProject
Project("{2150E333-8FDC-42A3-9474-1A3956D46DE8}") = "tests", "tests", "{62B32D96-CE0C-4DB1-9675-00846867EE62}"
EndProject
Project("{9A19103F-16F7-4668-BE54-9A1E7A4F7556}") = "AiurEventSyncer", "src\AiurEventSyncer\AiurEventSyncer.csproj", "{772B96B8-CD2B-428F-BE2E-FF02CA5A5CC3}"
EndProject
Project("{9A19103F-16F7-4668-BE54-9A1E7A4F7556}") = "AiurStore", "src\AiurStore\AiurStore.csproj", "{E8A8C76C-C2AF-4A03-B5E9-1DED1D1C77E9}"
EndProject
Project("{9A19103F-16F7-4668-BE54-9A1E7A4F7556}") = "AiurVersionControl", "src\AiurVersionControl\AiurVersionControl.csproj", "{1ECA7A41-87BE-406E-A915-EB3C4967F0E6}"
EndProject
Project("{9A19103F-16F7-4668-BE54-9A1E7A4F7556}") = "AiurEventSyncer.Tests", "tests\AiurEventSyncer.Tests\AiurEventSyncer.Tests.csproj", "{A245211C-3C06-463B-AE01-AB45D77E4403}"
EndProject
Project("{9A19103F-16F7-4668-BE54-9A1E7A4F7556}") = "AiurStore.Tests", "tests\AiurStore.Tests\AiurStore.Tests.csproj", "{24B12066-E34C-47CB-8258-5A80269862E5}"
EndProject
Project("{9A19103F-16F7-4668-BE54-9A1E7A4F7556}") = "AiurVersionControl.Tests", "tests\AiurVersionControl.Tests\AiurVersionControl.Tests.csproj", "{03476D69-6BE7-4757-AACC-6B9E0D3700AF}"
EndProject
Project("{9A19103F-16F7-4668-BE54-9A1E7A4F7556}") = "AiurCollectionSyncer", "src\AiurCollectionSyncer\AiurCollectionSyncer.csproj", "{BDEC4545-04ED-4A56-9289-101F83D831A7}"
EndProject
Global
	GlobalSection(SolutionConfigurationPlatforms) = preSolution
		Debug|Any CPU = Debug|Any CPU
		Debug|x64 = Debug|x64
		Debug|x86 = Debug|x86
		Release|Any CPU = Release|Any CPU
		Release|x64 = Release|x64
		Release|x86 = Release|x86
	EndGlobalSection
	GlobalSection(ProjectConfigurationPlatforms) = postSolution
		{772B96B8-CD2B-428F-BE2E-FF02CA5A5CC3}.Debug|Any CPU.ActiveCfg = Debug|Any CPU
		{772B96B8-CD2B-428F-BE2E-FF02CA5A5CC3}.Debug|Any CPU.Build.0 = Debug|Any CPU
		{772B96B8-CD2B-428F-BE2E-FF02CA5A5CC3}.Debug|x64.ActiveCfg = Debug|Any CPU
		{772B96B8-CD2B-428F-BE2E-FF02CA5A5CC3}.Debug|x64.Build.0 = Debug|Any CPU
		{772B96B8-CD2B-428F-BE2E-FF02CA5A5CC3}.Debug|x86.ActiveCfg = Debug|Any CPU
		{772B96B8-CD2B-428F-BE2E-FF02CA5A5CC3}.Debug|x86.Build.0 = Debug|Any CPU
		{772B96B8-CD2B-428F-BE2E-FF02CA5A5CC3}.Release|Any CPU.ActiveCfg = Release|Any CPU
		{772B96B8-CD2B-428F-BE2E-FF02CA5A5CC3}.Release|Any CPU.Build.0 = Release|Any CPU
		{772B96B8-CD2B-428F-BE2E-FF02CA5A5CC3}.Release|x64.ActiveCfg = Release|Any CPU
		{772B96B8-CD2B-428F-BE2E-FF02CA5A5CC3}.Release|x64.Build.0 = Release|Any CPU
		{772B96B8-CD2B-428F-BE2E-FF02CA5A5CC3}.Release|x86.ActiveCfg = Release|Any CPU
		{772B96B8-CD2B-428F-BE2E-FF02CA5A5CC3}.Release|x86.Build.0 = Release|Any CPU
		{E8A8C76C-C2AF-4A03-B5E9-1DED1D1C77E9}.Debug|Any CPU.ActiveCfg = Debug|Any CPU
		{E8A8C76C-C2AF-4A03-B5E9-1DED1D1C77E9}.Debug|Any CPU.Build.0 = Debug|Any CPU
		{E8A8C76C-C2AF-4A03-B5E9-1DED1D1C77E9}.Debug|x64.ActiveCfg = Debug|Any CPU
		{E8A8C76C-C2AF-4A03-B5E9-1DED1D1C77E9}.Debug|x64.Build.0 = Debug|Any CPU
		{E8A8C76C-C2AF-4A03-B5E9-1DED1D1C77E9}.Debug|x86.ActiveCfg = Debug|Any CPU
		{E8A8C76C-C2AF-4A03-B5E9-1DED1D1C77E9}.Debug|x86.Build.0 = Debug|Any CPU
		{E8A8C76C-C2AF-4A03-B5E9-1DED1D1C77E9}.Release|Any CPU.ActiveCfg = Release|Any CPU
		{E8A8C76C-C2AF-4A03-B5E9-1DED1D1C77E9}.Release|Any CPU.Build.0 = Release|Any CPU
		{E8A8C76C-C2AF-4A03-B5E9-1DED1D1C77E9}.Release|x64.ActiveCfg = Release|Any CPU
		{E8A8C76C-C2AF-4A03-B5E9-1DED1D1C77E9}.Release|x64.Build.0 = Release|Any CPU
		{E8A8C76C-C2AF-4A03-B5E9-1DED1D1C77E9}.Release|x86.ActiveCfg = Release|Any CPU
		{E8A8C76C-C2AF-4A03-B5E9-1DED1D1C77E9}.Release|x86.Build.0 = Release|Any CPU
		{1ECA7A41-87BE-406E-A915-EB3C4967F0E6}.Debug|Any CPU.ActiveCfg = Debug|Any CPU
		{1ECA7A41-87BE-406E-A915-EB3C4967F0E6}.Debug|Any CPU.Build.0 = Debug|Any CPU
		{1ECA7A41-87BE-406E-A915-EB3C4967F0E6}.Debug|x64.ActiveCfg = Debug|Any CPU
		{1ECA7A41-87BE-406E-A915-EB3C4967F0E6}.Debug|x64.Build.0 = Debug|Any CPU
		{1ECA7A41-87BE-406E-A915-EB3C4967F0E6}.Debug|x86.ActiveCfg = Debug|Any CPU
		{1ECA7A41-87BE-406E-A915-EB3C4967F0E6}.Debug|x86.Build.0 = Debug|Any CPU
		{1ECA7A41-87BE-406E-A915-EB3C4967F0E6}.Release|Any CPU.ActiveCfg = Release|Any CPU
		{1ECA7A41-87BE-406E-A915-EB3C4967F0E6}.Release|Any CPU.Build.0 = Release|Any CPU
		{1ECA7A41-87BE-406E-A915-EB3C4967F0E6}.Release|x64.ActiveCfg = Release|Any CPU
		{1ECA7A41-87BE-406E-A915-EB3C4967F0E6}.Release|x64.Build.0 = Release|Any CPU
		{1ECA7A41-87BE-406E-A915-EB3C4967F0E6}.Release|x86.ActiveCfg = Release|Any CPU
		{1ECA7A41-87BE-406E-A915-EB3C4967F0E6}.Release|x86.Build.0 = Release|Any CPU
		{A245211C-3C06-463B-AE01-AB45D77E4403}.Debug|Any CPU.ActiveCfg = Debug|Any CPU
		{A245211C-3C06-463B-AE01-AB45D77E4403}.Debug|Any CPU.Build.0 = Debug|Any CPU
		{A245211C-3C06-463B-AE01-AB45D77E4403}.Debug|x64.ActiveCfg = Debug|Any CPU
		{A245211C-3C06-463B-AE01-AB45D77E4403}.Debug|x64.Build.0 = Debug|Any CPU
		{A245211C-3C06-463B-AE01-AB45D77E4403}.Debug|x86.ActiveCfg = Debug|Any CPU
		{A245211C-3C06-463B-AE01-AB45D77E4403}.Debug|x86.Build.0 = Debug|Any CPU
		{A245211C-3C06-463B-AE01-AB45D77E4403}.Release|Any CPU.ActiveCfg = Release|Any CPU
		{A245211C-3C06-463B-AE01-AB45D77E4403}.Release|Any CPU.Build.0 = Release|Any CPU
		{A245211C-3C06-463B-AE01-AB45D77E4403}.Release|x64.ActiveCfg = Release|Any CPU
		{A245211C-3C06-463B-AE01-AB45D77E4403}.Release|x64.Build.0 = Release|Any CPU
		{A245211C-3C06-463B-AE01-AB45D77E4403}.Release|x86.ActiveCfg = Release|Any CPU
		{A245211C-3C06-463B-AE01-AB45D77E4403}.Release|x86.Build.0 = Release|Any CPU
		{24B12066-E34C-47CB-8258-5A80269862E5}.Debug|Any CPU.ActiveCfg = Debug|Any CPU
		{24B12066-E34C-47CB-8258-5A80269862E5}.Debug|Any CPU.Build.0 = Debug|Any CPU
		{24B12066-E34C-47CB-8258-5A80269862E5}.Debug|x64.ActiveCfg = Debug|Any CPU
		{24B12066-E34C-47CB-8258-5A80269862E5}.Debug|x64.Build.0 = Debug|Any CPU
		{24B12066-E34C-47CB-8258-5A80269862E5}.Debug|x86.ActiveCfg = Debug|Any CPU
		{24B12066-E34C-47CB-8258-5A80269862E5}.Debug|x86.Build.0 = Debug|Any CPU
		{24B12066-E34C-47CB-8258-5A80269862E5}.Release|Any CPU.ActiveCfg = Release|Any CPU
		{24B12066-E34C-47CB-8258-5A80269862E5}.Release|Any CPU.Build.0 = Release|Any CPU
		{24B12066-E34C-47CB-8258-5A80269862E5}.Release|x64.ActiveCfg = Release|Any CPU
		{24B12066-E34C-47CB-8258-5A80269862E5}.Release|x64.Build.0 = Release|Any CPU
		{24B12066-E34C-47CB-8258-5A80269862E5}.Release|x86.ActiveCfg = Release|Any CPU
		{24B12066-E34C-47CB-8258-5A80269862E5}.Release|x86.Build.0 = Release|Any CPU
		{03476D69-6BE7-4757-AACC-6B9E0D3700AF}.Debug|Any CPU.ActiveCfg = Debug|Any CPU
		{03476D69-6BE7-4757-AACC-6B9E0D3700AF}.Debug|Any CPU.Build.0 = Debug|Any CPU
		{03476D69-6BE7-4757-AACC-6B9E0D3700AF}.Debug|x64.ActiveCfg = Debug|Any CPU
		{03476D69-6BE7-4757-AACC-6B9E0D3700AF}.Debug|x64.Build.0 = Debug|Any CPU
		{03476D69-6BE7-4757-AACC-6B9E0D3700AF}.Debug|x86.ActiveCfg = Debug|Any CPU
		{03476D69-6BE7-4757-AACC-6B9E0D3700AF}.Debug|x86.Build.0 = Debug|Any CPU
		{03476D69-6BE7-4757-AACC-6B9E0D3700AF}.Release|Any CPU.ActiveCfg = Release|Any CPU
		{03476D69-6BE7-4757-AACC-6B9E0D3700AF}.Release|Any CPU.Build.0 = Release|Any CPU
		{03476D69-6BE7-4757-AACC-6B9E0D3700AF}.Release|x64.ActiveCfg = Release|Any CPU
		{03476D69-6BE7-4757-AACC-6B9E0D3700AF}.Release|x64.Build.0 = Release|Any CPU
		{03476D69-6BE7-4757-AACC-6B9E0D3700AF}.Release|x86.ActiveCfg = Release|Any CPU
		{03476D69-6BE7-4757-AACC-6B9E0D3700AF}.Release|x86.Build.0 = Release|Any CPU
		{BDEC4545-04ED-4A56-9289-101F83D831A7}.Debug|Any CPU.ActiveCfg = Debug|Any CPU
		{BDEC4545-04ED-4A56-9289-101F83D831A7}.Debug|Any CPU.Build.0 = Debug|Any CPU
		{BDEC4545-04ED-4A56-9289-101F83D831A7}.Debug|x64.ActiveCfg = Debug|Any CPU
		{BDEC4545-04ED-4A56-9289-101F83D831A7}.Debug|x64.Build.0 = Debug|Any CPU
		{BDEC4545-04ED-4A56-9289-101F83D831A7}.Debug|x86.ActiveCfg = Debug|Any CPU
		{BDEC4545-04ED-4A56-9289-101F83D831A7}.Debug|x86.Build.0 = Debug|Any CPU
		{BDEC4545-04ED-4A56-9289-101F83D831A7}.Release|Any CPU.ActiveCfg = Release|Any CPU
		{BDEC4545-04ED-4A56-9289-101F83D831A7}.Release|Any CPU.Build.0 = Release|Any CPU
		{BDEC4545-04ED-4A56-9289-101F83D831A7}.Release|x64.ActiveCfg = Release|Any CPU
		{BDEC4545-04ED-4A56-9289-101F83D831A7}.Release|x64.Build.0 = Release|Any CPU
		{BDEC4545-04ED-4A56-9289-101F83D831A7}.Release|x86.ActiveCfg = Release|Any CPU
		{BDEC4545-04ED-4A56-9289-101F83D831A7}.Release|x86.Build.0 = Release|Any CPU
	EndGlobalSection
	GlobalSection(SolutionProperties) = preSolution
		HideSolutionNode = FALSE
	EndGlobalSection
	GlobalSection(NestedProjects) = preSolution
		{772B96B8-CD2B-428F-BE2E-FF02CA5A5CC3} = {24C2CE11-A0CD-44B8-9946-94A70F897534}
		{E8A8C76C-C2AF-4A03-B5E9-1DED1D1C77E9} = {24C2CE11-A0CD-44B8-9946-94A70F897534}
		{1ECA7A41-87BE-406E-A915-EB3C4967F0E6} = {24C2CE11-A0CD-44B8-9946-94A70F897534}
		{A245211C-3C06-463B-AE01-AB45D77E4403} = {62B32D96-CE0C-4DB1-9675-00846867EE62}
		{24B12066-E34C-47CB-8258-5A80269862E5} = {62B32D96-CE0C-4DB1-9675-00846867EE62}
		{03476D69-6BE7-4757-AACC-6B9E0D3700AF} = {62B32D96-CE0C-4DB1-9675-00846867EE62}
		{BDEC4545-04ED-4A56-9289-101F83D831A7} = {24C2CE11-A0CD-44B8-9946-94A70F897534}
	EndGlobalSection
	GlobalSection(ExtensibilityGlobals) = postSolution
		SolutionGuid = {B0188878-FDED-49EB-9F3D-9BDA29D52347}
	EndGlobalSection
EndGlobal
