
Microsoft Visual Studio Solution File, Format Version 12.00
# Visual Studio Version 16
VisualStudioVersion = 16.0.30804.86
MinimumVisualStudioVersion = 10.0.40219.1
Project("{9A19103F-16F7-4668-BE54-9A1E7A4F7556}") = "SnakeGame", "SnakeGame.csproj", "{BA3F9C89-40D3-4DDA-8A5B-7FEA742A9F86}"
EndProject
Global
	GlobalSection(SolutionConfigurationPlatforms) = preSolution
		Debug|Any CPU = Debug|Any CPU
		Release|Any CPU = Release|Any CPU
	EndGlobalSection
	GlobalSection(ProjectConfigurationPlatforms) = postSolution
		{BA3F9C89-40D3-4DDA-8A5B-7FEA742A9F86}.Debug|Any CPU.ActiveCfg = Debug|Any CPU
		{BA3F9C89-40D3-4DDA-8A5B-7FEA742A9F86}.Debug|Any CPU.Build.0 = Debug|Any CPU
		{BA3F9C89-40D3-4DDA-8A5B-7FEA742A9F86}.Release|Any CPU.ActiveCfg = Release|Any CPU
		{BA3F9C89-40D3-4DDA-8A5B-7FEA742A9F86}.Release|Any CPU.Build.0 = Release|Any CPU
	EndGlobalSection
	GlobalSection(SolutionProperties) = preSolution
		HideSolutionNode = FALSE
	EndGlobalSection
	GlobalSection(ExtensibilityGlobals) = postSolution
		SolutionGuid = {3A5E20A0-28C1-4321-9521-AC44D5458D6F}
	EndGlobalSection
EndGlobal
